
Microsoft Visual Studio Solution File, Format Version 12.00
# Visual Studio Version 16
VisualStudioVersion = 16.0.31129.286
MinimumVisualStudioVersion = 10.0.40219.1
Project("{FAE04EC0-301F-11D3-BF4B-00C04F79EFBC}") = "Schoolinfo", "Schoolinfo\Schoolinfo.csproj", "{7D32BA28-B7EE-48F3-A91B-F1FE8485A5BF}"
EndProject
Global
	GlobalSection(SolutionConfigurationPlatforms) = preSolution
		Debug|Any CPU = Debug|Any CPU
		Release|Any CPU = Release|Any CPU
	EndGlobalSection
	GlobalSection(ProjectConfigurationPlatforms) = postSolution
		{7D32BA28-B7EE-48F3-A91B-F1FE8485A5BF}.Debug|Any CPU.ActiveCfg = Debug|Any CPU
		{7D32BA28-B7EE-48F3-A91B-F1FE8485A5BF}.Debug|Any CPU.Build.0 = Debug|Any CPU
		{7D32BA28-B7EE-48F3-A91B-F1FE8485A5BF}.Release|Any CPU.ActiveCfg = Release|Any CPU
		{7D32BA28-B7EE-48F3-A91B-F1FE8485A5BF}.Release|Any CPU.Build.0 = Release|Any CPU
	EndGlobalSection
	GlobalSection(SolutionProperties) = preSolution
		HideSolutionNode = FALSE
	EndGlobalSection
	GlobalSection(ExtensibilityGlobals) = postSolution
		SolutionGuid = {348F06AA-C167-4C8A-9C91-B2EA73248602}
	EndGlobalSection
EndGlobal
